{
  "version": 4,
  "terraform_version": "1.6.5",
  "serial": 12,
  "lineage": "9158d774-cf77-33dd-44f8-c34896f583ed",
  "outputs": {},
  "resources": [
    {
      "mode": "data",
      "type": "vercel_project_directory",
      "name": "VercelProject_directory",
      "provider": "provider[\"registry.terraform.io/vercel/vercel\"]",
      "instances": [
        {
          "schema_version": 0,
          "attributes": {
            "files": {
              "../.astro/settings.json": "58~cf8f625387fea8a2445f8e6550fe751ab94036c6",
              "../.talismanrc": "602~a49765a2fec536749f5e1047fb5752a446a9b34a",
              "../.vscode/extensions.json": "87~3e847f776acfc763890728f63b3f7d7d7a7773d3",
              "../.vscode/launch.json": "207~38d27094cf11a73dab6f6e017301816705415df8",
              "../README.md": "2360~08b9a7006c9b131f0f26be95c5147c94bfb6c84c",
              "../astro.config.mjs": "199~3819d6946727791cd5a152d5ccfb70985bbed65d",
              "../package-lock.json": "254953~900c75d664ab2a6b70655b132e0adf5bf63985e2",
              "../package.json": "384~9c45ef7b68305c3bb0499bc446374a5ded3d1c99",
              "../pnpm-lock.yaml": "141289~3b47d8d6bfbee89ec1b7c7207a974d10b6dd5f1f",
              "../public/favicon.svg": "749~5004b1633d48625a8718dadd1486754c1f6a39c8",
              "../public/images/img1.jpg": "68468~77453cb9c490e8535d1c7504607bb5e656bd30da",
              "../src/components/Card.astro": "1128~deb1d876175f5d063880e33e2a717e35ef913bd0",
              "../src/env.d.ts": "39~01cb0582f06bcfa54a769e427b74c0f5f14643a5",
              "../src/layouts/Layout.astro": "960~1bac4a230de1d39cbb9230457d6f6d7243534189",
              "../src/pages/about.astro": "392~a371bec59bb5213bd296515411506044dbc515a5",
              "../src/pages/cache.astro": "187~f9d04b689e018f32a1138f85380ee6e65bdc14c0",
              "../src/pages/image.astro": "114~1ab4e7c89c3dfdb50ca7ee7d9cc712c6de59ed66",
              "../src/pages/index.astro": "4372~ad0301a4f615668771b3bdb7bd5f10a3b019c9c5",
              "../terraform/main.tf": "149~de0901d25b665e1b0ff5ffc8359588a21c6b395c",
              "../terraform/resource_VercelDeployment.tf": "218~f2a9afa0ecabbaa031d355fe0aff91299f277a16",
              "../terraform/resource_VercelProject.tf": "192~57275701241eed3183bbf1b9bfa88630e2fa53c0",
              "../tsconfig.json": "41~f40bfa359c0fd3f28d3c3f72385ae852ba42216e"
            },
            "id": "../",
            "path": "../"
          },
          "sensitive_attributes": []
        }
      ]
    },
    {
      "mode": "managed",
      "type": "vercel_deployment",
      "name": "VercelDeployment",
      "provider": "provider[\"registry.terraform.io/vercel/vercel\"]",
      "instances": [
        {
          "schema_version": 0,
          "attributes": {
            "delete_on_destroy": null,
            "domains": [
              "satsellite-solstice-terraform.vercel.app",
              "satsellite-solstice-terraform-abrahams-projects-3dc9da6a.vercel.app"
            ],
            "environment": null,
            "files": {
              "../.astro/settings.json": "58~cf8f625387fea8a2445f8e6550fe751ab94036c6",
              "../.talismanrc": "602~a49765a2fec536749f5e1047fb5752a446a9b34a",
              "../.vscode/extensions.json": "87~3e847f776acfc763890728f63b3f7d7d7a7773d3",
              "../.vscode/launch.json": "207~38d27094cf11a73dab6f6e017301816705415df8",
              "../README.md": "2360~08b9a7006c9b131f0f26be95c5147c94bfb6c84c",
              "../astro.config.mjs": "199~3819d6946727791cd5a152d5ccfb70985bbed65d",
              "../package-lock.json": "254953~900c75d664ab2a6b70655b132e0adf5bf63985e2",
              "../package.json": "384~9c45ef7b68305c3bb0499bc446374a5ded3d1c99",
              "../pnpm-lock.yaml": "141289~3b47d8d6bfbee89ec1b7c7207a974d10b6dd5f1f",
              "../public/favicon.svg": "749~5004b1633d48625a8718dadd1486754c1f6a39c8",
              "../public/images/img1.jpg": "68468~77453cb9c490e8535d1c7504607bb5e656bd30da",
              "../src/components/Card.astro": "1128~deb1d876175f5d063880e33e2a717e35ef913bd0",
              "../src/env.d.ts": "39~01cb0582f06bcfa54a769e427b74c0f5f14643a5",
              "../src/layouts/Layout.astro": "960~1bac4a230de1d39cbb9230457d6f6d7243534189",
              "../src/pages/about.astro": "392~a371bec59bb5213bd296515411506044dbc515a5",
              "../src/pages/cache.astro": "187~f9d04b689e018f32a1138f85380ee6e65bdc14c0",
              "../src/pages/image.astro": "114~1ab4e7c89c3dfdb50ca7ee7d9cc712c6de59ed66",
              "../src/pages/index.astro": "4372~ad0301a4f615668771b3bdb7bd5f10a3b019c9c5",
              "../terraform/main.tf": "149~de0901d25b665e1b0ff5ffc8359588a21c6b395c",
              "../terraform/resource_VercelDeployment.tf": "218~f2a9afa0ecabbaa031d355fe0aff91299f277a16",
              "../terraform/resource_VercelProject.tf": "192~57275701241eed3183bbf1b9bfa88630e2fa53c0",
              "../tsconfig.json": "41~f40bfa359c0fd3f28d3c3f72385ae852ba42216e"
            },
            "id": "dpl_4kLRAkUtf2T38BAz1MjSLRppovZL",
            "path_prefix": "../",
            "production": true,
            "project_id": "prj_4VXmkqggBZQ4QAn8pdx7PPSCSVzH",
            "project_settings": null,
            "ref": null,
            "team_id": null,
            "url": "satsellite-solstice-terraform-kg3hj7np6.vercel.app"
          },
          "sensitive_attributes": [],
          "dependencies": [
            "data.vercel_project_directory.VercelProject_directory",
            "vercel_project.VercelProject"
          ]
        }
      ]
    },
    {
      "mode": "managed",
      "type": "vercel_project",
      "name": "VercelProject",
      "provider": "provider[\"registry.terraform.io/vercel/vercel\"]",
      "instances": [
        {
          "schema_version": 0,
          "attributes": {
            "build_command": null,
            "dev_command": null,
            "environment": null,
            "framework": "astro",
            "git_repository": null,
            "id": "prj_4VXmkqggBZQ4QAn8pdx7PPSCSVzH",
            "ignore_command": null,
            "install_command": null,
            "name": "satsellite-solstice-terraform",
            "output_directory": null,
            "password_protection": null,
            "protection_bypass_for_automation": null,
            "protection_bypass_for_automation_secret": null,
            "public_source": null,
            "root_directory": null,
            "serverless_function_region": null,
            "team_id": null,
            "vercel_authentication": {
              "protect_production": false
            }
          },
          "sensitive_attributes": []
        }
      ]
    }
  ],
  "check_results": null
}
